PODS:
  - DarkLightning (2.0.0-alpha1):
    - DarkLightning/iOS (= 2.0.0-alpha1)
    - DarkLightning/OSX (= 2.0.0-alpha1)
    - DarkLightning/tvOS (= 2.0.0-alpha1)
  - DarkLightning/OSX (2.0.0-alpha1)

DEPENDENCIES:
  - DarkLightning (from `../../..`)

EXTERNAL SOURCES:
  DarkLightning:
    :path: "../../.."

SPEC CHECKSUMS:
  DarkLightning: 1a907e570ed08a53ee22498e9fffcd95ed819762

PODFILE CHECKSUM: 989aa23975fea0e60b81572ada5c83c7ec582257

COCOAPODS: 1.9.3
